[[package]]
name = "certifi"
version = "2022.9.24"
requires_python = ">=3.6"
summary = "Python package for providing Mozilla's CA Bundle."

[[package]]
name = "charset-normalizer"
version = "2.1.1"
requires_python = ">=3.6.0"
summary = "The Real First Universal Charset Detector. Open, modern and actively maintained alternative to Chardet."

[[package]]
name = "idna"
version = "3.4"
requires_python = ">=3.5"
summary = "Internationalized Domain Names in Applications (IDNA)"

[[package]]
name = "imutils"
version = "0.5.4"
summary = "A series of convenience functions to make basic image processing functions such as translation, rotation, resizing, skeletonization, displaying Matplotlib images, sorting contours, detecting edges, and much more easier with OpenCV and both Python 2.7 and Python 3."

[[package]]
name = "numpy"
version = "1.23.3"
requires_python = ">=3.8"
summary = "NumPy is the fundamental package for array computing with Python."

[[package]]
name = "opencv-python"
version = "4.6.0.66"
requires_python = ">=3.6"
summary = "Wrapper package for OpenCV python bindings."
dependencies = [
    "numpy>=1.14.5; python_version >= \"3.7\"",
    "numpy>=1.17.3; python_version >= \"3.8\"",
    "numpy>=1.19.3; python_version >= \"3.6\" and platform_system == \"Linux\" and platform_machine == \"aarch64\"",
    "numpy>=1.19.3; python_version >= \"3.9\"",
    "numpy>=1.21.2; python_version >= \"3.10\"",
    "numpy>=1.21.2; python_version >= \"3.6\" and platform_system == \"Darwin\" and platform_machine == \"arm64\"",
]

[[package]]
name = "paho-mqtt"
version = "1.6.1"
summary = "MQTT version 5.0/3.1.1 client class"

[[package]]
name = "pyyaml"
version = "6.0"
requires_python = ">=3.6"
summary = "YAML parser and emitter for Python"

[[package]]
name = "requests"
version = "2.28.1"
requires_python = ">=3.7, <4"
summary = "Python HTTP for Humans."
dependencies = [
    "certifi>=2017.4.17",
    "charset-normalizer<3,>=2",
    "idna<4,>=2.5",
    "urllib3<1.27,>=1.21.1",
]

[[package]]
name = "urllib3"
version = "1.26.12"
requires_python = ">=2.7, !=3.0.*, !=3.1.*, !=3.2.*, !=3.3.*, !=3.4.*, !=3.5.*, <4"
summary = "HTTP library with thread-safe connection pooling, file post, and more."

[metadata]
lock_version = "4.0"
content_hash = "sha256:67b80847de371da01635ade911e78d405149e193d2e8397bf601bdb7e806315e"

[metadata.files]
"certifi 2022.9.24" = [
    {url = "https://files.pythonhosted.org/packages/1d/38/fa96a426e0c0e68aabc68e896584b83ad1eec779265a028e156ce509630e/certifi-2022.9.24-py3-none-any.whl", hash = "sha256:90c1a32f1d68f940488354e36370f6cca89f0f106db09518524c88d6ed83f382"},
    {url = "https://files.pythonhosted.org/packages/cb/a4/7de7cd59e429bd0ee6521ba58a75adaec136d32f91a761b28a11d8088d44/certifi-2022.9.24.tar.gz", hash = "sha256:0d9c601124e5a6ba9712dbc60d9c53c21e34f5f641fe83002317394311bdce14"},
]
"charset-normalizer 2.1.1" = [
    {url = "https://files.pythonhosted.org/packages/a1/34/44964211e5410b051e4b8d2869c470ae8a68ae274953b1c7de6d98bbcf94/charset-normalizer-2.1.1.tar.gz", hash = "sha256:5a3d016c7c547f69d6f81fb0db9449ce888b418b5b9952cc5e6e66843e9dd845"},
    {url = "https://files.pythonhosted.org/packages/db/51/a507c856293ab05cdc1db77ff4bc1268ddd39f29e7dc4919aa497f0adbec/charset_normalizer-2.1.1-py3-none-any.whl", hash = "sha256:83e9a75d1911279afd89352c68b45348559d1fc0506b054b346651b5e7fee29f"},
]
"idna 3.4" = [
    {url = "https://files.pythonhosted.org/packages/8b/e1/43beb3d38dba6cb420cefa297822eac205a277ab43e5ba5d5c46faf96438/idna-3.4.tar.gz", hash = "sha256:814f528e8dead7d329833b91c5faa87d60bf71824cd12a7530b5526063d02cb4"},
    {url = "https://files.pythonhosted.org/packages/fc/34/3030de6f1370931b9dbb4dad48f6ab1015ab1d32447850b9fc94e60097be/idna-3.4-py3-none-any.whl", hash = "sha256:90b77e79eaa3eba6de819a0c442c0b4ceefc341a7a2ab77d7562bf49f425c5c2"},
]
"imutils 0.5.4" = [
    {url = "https://files.pythonhosted.org/packages/3f/d3/ecb4d108f6c1041d24842a345ee0123cd7f366ba75cf122601e856d42ba2/imutils-0.5.4.tar.gz", hash = "sha256:03827a9fca8b5c540305c0844a62591cf35a0caec199cb0f2f0a4a0fb15d8f24"},
]
"numpy 1.23.3" = [
    {url = "https://files.pythonhosted.org/packages/07/ef/282bcb710c7e5a6f56a77529e5f8d42ad05ed44f87e65f2771937d5b84aa/numpy-1.23.3-cp39-cp39-manylinux_2_17_aarch64.manylinux2014_aarch64.whl", hash = "sha256:e5d5420053bbb3dd64c30e58f9363d7a9c27444c3648e61460c1237f9ec3fa14"},
    {url = "https://files.pythonhosted.org/packages/0a/88/f4f0c7a982efdf7bf22f283acf6009b29a9cc5835b684a49f8d3a4adb22f/numpy-1.23.3.tar.gz", hash = "sha256:51bf49c0cd1d52be0a240aa66f3458afc4b95d8993d2d04f0d91fa60c10af6cd"},
    {url = "https://files.pythonhosted.org/packages/23/a4/0c900aa23c934018f714f1c168e6f615bc70fc26a9a996b06185e6d33665/numpy-1.23.3-cp39-cp39-win_amd64.whl", hash = "sha256:78a63d2df1d947bd9d1b11d35564c2f9e4b57898aae4626638056ec1a231c40c"},
    {url = "https://files.pythonhosted.org/packages/24/3d/b06a0b15aad299c8e53c752b8deaf2431b4f1a4d281bb536019ce4ec2659/numpy-1.23.3-cp39-cp39-macosx_11_0_arm64.whl", hash = "sha256:8c79d7cf86d049d0c5089231a5bcd31edb03555bd93d81a16870aa98c6cfb79d"},
    {url = "https://files.pythonhosted.org/packages/24/3e/fbbef2c3a04ed1d237fe4711146f111631d02f5155c1dbeb713005787cf5/numpy-1.23.3-cp38-cp38-manylinux_2_17_aarch64.manylinux2014_aarch64.whl", hash = "sha256:a64403f634e5ffdcd85e0b12c08f04b3080d3e840aef118721021f9b48fc1460"},
    {url = "https://files.pythonhosted.org/packages/2e/bd/286dacf2655c4db1a5076390337c746452a08def20daa53b4903722545d2/numpy-1.23.3-cp311-cp311-win_amd64.whl", hash = "sha256:8355fc10fd33a5a70981a5b8a0de51d10af3688d7a9e4a34fcc8fa0d7467bb7f"},
    {url = "https://files.pythonhosted.org/packages/3a/0c/8d8fe64dcfbeac1dabeb8ae74c8b697a18cf48adfced980291abcc266984/numpy-1.23.3-cp310-cp310-macosx_10_9_x86_64.whl", hash = "sha256:c9f707b5bb73bf277d812ded9896f9512a43edff72712f31667d0a8c2f8e71ee"},
    {url = "https://files.pythonhosted.org/packages/3b/93/e613ce34c908f3228fa181241ae9505c42a72ffc630af9e5173c2f26f406/numpy-1.23.3-cp38-cp38-macosx_11_0_arm64.whl", hash = "sha256:22d43376ee0acd547f3149b9ec12eec2f0ca4a6ab2f61753c5b29bb3e795ac4d"},
    {url = "https://files.pythonhosted.org/packages/48/71/4a3866a3eedf80a2ca3cd5f56e1f7afdd041b2f0e6339b6a0d8a631f6b28/numpy-1.23.3-cp38-cp38-win32.whl", hash = "sha256:f8c02ec3c4c4fcb718fdf89a6c6f709b14949408e8cf2a2be5bfa9c49548fd85"},
    {url = "https://files.pythonhosted.org/packages/51/b6/861f5e9d59c1bb6c05467f5ddcba965cb2c4b1fd62f6bf7b4c4632492625/numpy-1.23.3-cp310-cp310-win_amd64.whl", hash = "sha256:39a664e3d26ea854211867d20ebcc8023257c1800ae89773cbba9f9e97bae036"},
    {url = "https://files.pythonhosted.org/packages/58/4f/55b0ea97b18e885b67aa41a9929d6a6414da7ddad5ebbd10a9c4ad086640/numpy-1.23.3-cp311-cp311-win32.whl", hash = "sha256:7cd1328e5bdf0dee621912f5833648e2daca72e3839ec1d6695e91089625f0b4"},
    {url = "https://files.pythonhosted.org/packages/59/ec/57f87fe9dc2f8390edd1341d2ee9caa90c251f09524286476f536555ffc1/numpy-1.23.3-cp38-cp38-win_amd64.whl", hash = "sha256:e868b0389c5ccfc092031a861d4e158ea164d8b7fdbb10e3b5689b4fc6498df6"},
    {url = "https://files.pythonhosted.org/packages/75/25/196d280e3570e19bc9c553af6941b13289ff520069bffa047a80b47e549a/numpy-1.23.3-cp310-cp310-win32.whl", hash = "sha256:98dcbc02e39b1658dc4b4508442a560fe3ca5ca0d989f0df062534e5ca3a5c1a"},
    {url = "https://files.pythonhosted.org/packages/80/d9/29eb382c47203f3ee7a758eb1e2620daad08c3f74372a752b2965d8d8c7a/numpy-1.23.3-pp38-pypy38_pp73-macosx_10_9_x86_64.whl", hash = "sha256:17c0e467ade9bda685d5ac7f5fa729d8d3e76b23195471adae2d6a6941bd2c18"},
    {url = "https://files.pythonhosted.org/packages/81/03/6b9e924e39d90a67a7c01952b5768818ed24f888b0da9f333ad2246a3514/numpy-1.23.3-cp39-cp39-macosx_10_9_x86_64.whl", hash = "sha256:09f6b7bdffe57fc61d869a22f506049825d707b288039d30f26a0d0d8ea05164"},
    {url = "https://files.pythonhosted.org/packages/89/68/0400fdd510bc2e22aa658873110a525452de90bd1058eb55183438d8527b/numpy-1.23.3-cp39-cp39-win32.whl", hash = "sha256:c1ba66c48b19cc9c2975c0d354f24058888cdc674bebadceb3cdc9ec403fb5d1"},
    {url = "https://files.pythonhosted.org/packages/8d/51/bfaf6dc8279c58fcd8234e9b0f0b86146e3a8814159cd30875154f743061/numpy-1.23.3-cp311-cp311-macosx_10_9_x86_64.whl", hash = "sha256:1f27b5322ac4067e67c8f9378b41c746d8feac8bdd0e0ffede5324667b8a075c"},
    {url = "https://files.pythonhosted.org/packages/98/e0/481ed31801a69089aac50fe57229f8396b1d9cf4c85054275f9c909b13d9/numpy-1.23.3-cp310-cp310-manylinux_2_17_aarch64.manylinux2014_aarch64.whl", hash = "sha256:0ea3f98a0ffce3f8f57675eb9119f3f4edb81888b6874bc1953f91e0b1d4f440"},
    {url = "https://files.pythonhosted.org/packages/aa/a7/92b7d2698d7deabd0b846c3ad487495ef3af1dceac8a1f2b358cd20caecf/numpy-1.23.3-pp38-pypy38_pp73-manylinux_2_17_x86_64.manylinux2014_x86_64.whl", hash = "sha256:91b8d6768a75247026e951dce3b2aac79dc7e78622fc148329135ba189813584"},
    {url = "https://files.pythonhosted.org/packages/b1/84/0af94541d21dd2d403377209f462b6b463dc4ba15158776285f1af2132ac/numpy-1.23.3-cp311-cp311-macosx_11_0_arm64.whl", hash = "sha256:2ad3ec9a748a8943e6eb4358201f7e1c12ede35f510b1a2221b70af4bb64295c"},
    {url = "https://files.pythonhosted.org/packages/c6/fd/9c3a4e030858115bfee2f81351c4614c475883cb97a3297d8de039dac046/numpy-1.23.3-pp38-pypy38_pp73-win_amd64.whl", hash = "sha256:94c15ca4e52671a59219146ff584488907b1f9b3fc232622b47e2cf832e94fb8"},
    {url = "https://files.pythonhosted.org/packages/c7/31/0298a8f62a8c82b8c542f78f3761e67cb8bf0450b3e61bbe66c5c54c1a81/numpy-1.23.3-cp310-cp310-manylinux_2_17_x86_64.manylinux2014_x86_64.whl", hash = "sha256:004f0efcb2fe1c0bd6ae1fcfc69cc8b6bf2407e0f18be308612007a0762b4089"},
    {url = "https://files.pythonhosted.org/packages/d2/09/9ab4e760206c10081d253db9a3d4db8fd040ffcec9d7cdf5376d99531d54/numpy-1.23.3-cp311-cp311-manylinux_2_17_x86_64.manylinux2014_x86_64.whl", hash = "sha256:301c00cf5e60e08e04d842fc47df641d4a181e651c7135c50dc2762ffe293dbd"},
    {url = "https://files.pythonhosted.org/packages/d6/e2/bed33bdbf513cd6d3fcb4377792ef1b8aad941da542a191e1e2a98c6621f/numpy-1.23.3-cp38-cp38-manylinux_2_17_x86_64.manylinux2014_x86_64.whl", hash = "sha256:efd9d3abe5774404becdb0748178b48a218f1d8c44e0375475732211ea47c67e"},
    {url = "https://files.pythonhosted.org/packages/d7/da/417e298fd3998ed1df4b492b400757ec331c310d4d6cbf5a2f4aa93717e8/numpy-1.23.3-cp310-cp310-macosx_11_0_arm64.whl", hash = "sha256:ffcf105ecdd9396e05a8e58e81faaaf34d3f9875f137c7372450baa5d77c9a54"},
    {url = "https://files.pythonhosted.org/packages/df/5b/7f03caa84950cf02f841c910a249ae526a858de9c87ef4357cfb723b02b1/numpy-1.23.3-cp311-cp311-manylinux_2_17_aarch64.manylinux2014_aarch64.whl", hash = "sha256:bdc9febce3e68b697d931941b263c59e0c74e8f18861f4064c1f712562903411"},
    {url = "https://files.pythonhosted.org/packages/e5/0e/c76c8cd19fa0477742e553471373e69f4aeb228b3b18aaac305a66cd5f5b/numpy-1.23.3-cp38-cp38-macosx_10_9_x86_64.whl", hash = "sha256:bc6e8da415f359b578b00bcfb1d08411c96e9a97f9e6c7adada554a0812a6cc6"},
    {url = "https://files.pythonhosted.org/packages/fe/8c/1dfc141202fb2b6b75f9ca4a6681eb5cb7f328d6d2d9d186e5675c468e6a/numpy-1.23.3-cp39-cp39-manylinux_2_17_x86_64.manylinux2014_x86_64.whl", hash = "sha256:d5422d6a1ea9b15577a9432e26608c73a78faf0b9039437b075cf322c92e98e7"},
]
"opencv-python 4.6.0.66" = [
    {url = "https://files.pythonhosted.org/packages/12/5d/1527327b9f7ea13bef31377f8bf399f03dc5f4f1c9f1fb69bc56b6e24cd4/opencv_python-4.6.0.66-cp36-abi3-manylinux_2_17_aarch64.manylinux2014_aarch64.whl", hash = "sha256:5af8ba35a4fcb8913ffb86e92403e9a656a4bff4a645d196987468f0f8947875"},
    {url = "https://files.pythonhosted.org/packages/7a/1c/e57fe138615c29b8d1442009057dd420c58d4773cb16112e914c9e7b47d8/opencv-python-4.6.0.66.tar.gz", hash = "sha256:c5bfae41ad4031e66bb10ec4a0a2ffd3e514d092652781e8b1ac98d1b59f1158"},
    {url = "https://files.pythonhosted.org/packages/af/bf/8d189a5c43460f6b5c8eb81ead8732e94b9f73ef8d9abba9e8f5a61a6531/opencv_python-4.6.0.66-cp36-abi3-manylinux_2_17_x86_64.manylinux2014_x86_64.whl", hash = "sha256:dbdc84a9b4ea2cbae33861652d25093944b9959279200b7ae0badd32439f74de"},
    {url = "https://files.pythonhosted.org/packages/bc/71/4575227302db0b95bbf635dd87f2c58339f84c6e63ade1afc7d332414da2/opencv_python-4.6.0.66-cp36-abi3-macosx_10_15_x86_64.whl", hash = "sha256:e6e448b62afc95c5b58f97e87ef84699e6607fe5c58730a03301c52496005cae"},
    {url = "https://files.pythonhosted.org/packages/c6/00/858e894a2127b3a1b5479812b1bd3669bca64175dff4fc7c778e0a6ee565/opencv_python-4.6.0.66-cp37-abi3-macosx_11_0_arm64.whl", hash = "sha256:6e32af22e3202748bd233ed8f538741876191863882eba44e332d1a34993165b"},
    {url = "https://files.pythonhosted.org/packages/cf/09/b24c266cd61ddeed101b90c92a26f54d060b06f4a1b102eb891576d6e9e2/opencv_python-4.6.0.66-cp36-abi3-win_amd64.whl", hash = "sha256:0dc82a3d8630c099d2f3ac1b1aabee164e8188db54a786abb7a4e27eba309440"},
    {url = "https://files.pythonhosted.org/packages/fb/45/60eaff54776b73a4c69bca7669fac5c5fe61b03b80170cf0e01c2ffd846d/opencv_python-4.6.0.66-cp36-abi3-win32.whl", hash = "sha256:f482e78de6e7b0b060ff994ffd859bddc3f7f382bb2019ef157b0ea8ca8712f5"},
]
"paho-mqtt 1.6.1" = [
    {url = "https://files.pythonhosted.org/packages/f8/dd/4b75dcba025f8647bc9862ac17299e0d7d12d3beadbf026d8c8d74215c12/paho-mqtt-1.6.1.tar.gz", hash = "sha256:2a8291c81623aec00372b5a85558a372c747cbca8e9934dfe218638b8eefc26f"},
]
"pyyaml 6.0" = [
    {url = "https://files.pythonhosted.org/packages/02/25/6ba9f6bb50a3d4fbe22c1a02554dc670682a07c8701d1716d19ddea2c940/PyYAML-6.0-cp310-cp310-manylinux_2_5_x86_64.manylinux1_x86_64.manylinux_2_12_x86_64.manylinux2010_x86_64.whl", hash = "sha256:f84fbc98b019fef2ee9a1cb3ce93e3187a6df0b2538a651bfb890254ba9f90b5"},
    {url = "https://files.pythonhosted.org/packages/08/f4/ffa743f860f34a5e8c60abaaa686f82c9ac7a2b50e5a1c3b1eb564d59159/PyYAML-6.0-cp39-cp39-win_amd64.whl", hash = "sha256:b3d267842bf12586ba6c734f89d1f5b871df0273157918b0ccefa29deb05c21c"},
    {url = "https://files.pythonhosted.org/packages/0f/93/5f81d1925ce3b531f5ff215376445ec220887cd1c9a8bde23759554dbdfd/PyYAML-6.0-cp310-cp310-win32.whl", hash = "sha256:2cd5df3de48857ed0544b34e2d40e9fac445930039f3cfe4bcc592a1f836d513"},
    {url = "https://files.pythonhosted.org/packages/12/fc/a4d5a7554e0067677823f7265cb3ae22aed8a238560b5133b58cda252dad/PyYAML-6.0-cp39-cp39-manylinux_2_5_x86_64.manylinux1_x86_64.manylinux_2_12_x86_64.manylinux2010_x86_64.whl", hash = "sha256:40527857252b61eacd1d9af500c3337ba8deb8fc298940291486c465c8b46ec0"},
    {url = "https://files.pythonhosted.org/packages/21/67/b42191239c5650c9e419c4a08a7a022bbf1abf55b0391c380a72c3af5462/PyYAML-6.0-cp39-cp39-manylinux_2_17_aarch64.manylinux2014_aarch64.whl", hash = "sha256:d67d839ede4ed1b28a4e8909735fc992a923cdb84e618544973d7dfc71540803"},
    {url = "https://files.pythonhosted.org/packages/2e/b3/13dfd4eeb5e4b2d686b6d1822b40702e991bf3a4194ca5cbcce8d43749db/PyYAML-6.0-cp39-cp39-win32.whl", hash = "sha256:b5b9eccad747aabaaffbc6064800670f0c297e52c12754eb1d976c57e4f74dcb"},
    {url = "https://files.pythonhosted.org/packages/36/2b/61d51a2c4f25ef062ae3f74576b01638bebad5e045f747ff12643df63844/PyYAML-6.0.tar.gz", hash = "sha256:68fb519c14306fec9720a2a5b45bc9f0c8d1b9c72adf45c37baedfcd949c35a2"},
    {url = "https://files.pythonhosted.org/packages/44/e5/4fea13230bcebf24b28c0efd774a2dd65a0937a2d39e94a4503438b078ed/PyYAML-6.0-cp310-cp310-macosx_10_9_x86_64.whl", hash = "sha256:d4db7c7aef085872ef65a8fd7d6d09a14ae91f691dec3e87ee5ee0539d516f53"},
    {url = "https://files.pythonhosted.org/packages/4d/7d/c2ab8da648cd2b937de11fb35649b127adab4851cbeaf5fd9b60a2dab0f7/PyYAML-6.0-cp36-cp36m-win32.whl", hash = "sha256:0283c35a6a9fbf047493e3a0ce8d79ef5030852c51e9d911a27badfde0605293"},
    {url = "https://files.pythonhosted.org/packages/55/e3/507a92589994a5b3c3d7f2a7a066339d6ff61c5c839bae56f7eff03d9c7b/PyYAML-6.0-cp36-cp36m-macosx_10_9_x86_64.whl", hash = "sha256:897b80890765f037df3403d22bab41627ca8811ae55e9a722fd0392850ec4d86"},
    {url = "https://files.pythonhosted.org/packages/56/8f/e8b49ad21d26111493dc2d5cae4d7efbd0e2e065440665f5023515f87f64/PyYAML-6.0-cp311-cp311-manylinux_2_17_x86_64.manylinux2014_x86_64.whl", hash = "sha256:432557aa2c09802be39460360ddffd48156e30721f5e8d917f01d31694216782"},
    {url = "https://files.pythonhosted.org/packages/59/00/30e33fcd2a4562cd40c49c7740881009240c5cbbc0e41ca79ca4bba7c24b/PyYAML-6.0-cp311-cp311-win_amd64.whl", hash = "sha256:01b45c0191e6d66c470b6cf1b9531a771a83c1c4208272ead47a3ae4f2f603bf"},
    {url = "https://files.pythonhosted.org/packages/5e/f4/7b4bb01873be78fc9fde307f38f62e380b7111862c165372cf094ca2b093/PyYAML-6.0-cp310-cp310-manylinux_2_17_aarch64.manylinux2014_aarch64.whl", hash = "sha256:77f396e6ef4c73fdc33a9157446466f1cff553d979bd00ecb64385760c6babdc"},
    {url = "https://files.pythonhosted.org/packages/63/6b/f5dc7942bac17192f4ef00b2d0cdd1ae45eea453d05c1944c0573debe945/PyYAML-6.0-cp38-cp38-manylinux_2_17_s390x.manylinux2014_s390x.whl", hash = "sha256:9fa600030013c4de8165339db93d182b9431076eb98eb40ee068700c9c813e34"},
    {url = "https://files.pythonhosted.org/packages/67/d4/b95266228a25ef5bd70984c08b4efce2c035a4baa5ccafa827b266e3dc36/PyYAML-6.0-cp39-cp39-macosx_11_0_arm64.whl", hash = "sha256:e61ceaab6f49fb8bdfaa0f92c4b57bcfbea54c09277b1b4f7ac376bfb7a7c174"},
    {url = "https://files.pythonhosted.org/packages/68/3f/c027422e49433239267c62323fbc6320d6ac8d7d50cf0cb2a376260dad5f/PyYAML-6.0-cp311-cp311-manylinux_2_17_s390x.manylinux2014_s390x.whl", hash = "sha256:dbad0e9d368bb989f4515da330b88a057617d16b6a8245084f1b05400f24609f"},
    {url = "https://files.pythonhosted.org/packages/6c/3d/524c642f3db37e7e7ab8d13a3f8b0c72d04a619abc19100097d987378fc6/PyYAML-6.0-cp38-cp38-manylinux_2_17_aarch64.manylinux2014_aarch64.whl", hash = "sha256:213c60cd50106436cc818accf5baa1aba61c0189ff610f64f4a3e8c6726218ba"},
    {url = "https://files.pythonhosted.org/packages/74/68/3c13deaa496c14a030c431b7b828d6b343f79eb241b4848c7918091a64a2/PyYAML-6.0-cp36-cp36m-manylinux_2_17_s390x.manylinux2014_s390x.whl", hash = "sha256:48c346915c114f5fdb3ead70312bd042a953a8ce5c7106d5bfb1a5254e47da92"},
    {url = "https://files.pythonhosted.org/packages/77/da/e845437ffe0dffae4e7562faf23a4f264d886431c5d2a2816c853288dc8e/PyYAML-6.0-cp39-cp39-manylinux_2_17_s390x.manylinux2014_s390x.whl", hash = "sha256:cba8c411ef271aa037d7357a2bc8f9ee8b58b9965831d9e51baf703280dc73d3"},
    {url = "https://files.pythonhosted.org/packages/7f/d9/6a0d14ac8d3b5605dc925d177c1d21ee9f0b7b39287799db1e50d197b2f4/PyYAML-6.0-cp311-cp311-manylinux_2_17_aarch64.manylinux2014_aarch64.whl", hash = "sha256:afa17f5bc4d1b10afd4466fd3a44dc0e245382deca5b3c353d8b757f9e3ecb8d"},
    {url = "https://files.pythonhosted.org/packages/81/59/561f7e46916b78f3c4cab8d0c307c81656f11e32c846c0c97fda0019ed76/PyYAML-6.0-cp37-cp37m-manylinux_2_17_s390x.manylinux2014_s390x.whl", hash = "sha256:0ce82d761c532fe4ec3f87fc45688bdd3a4c1dc5e0b4a19814b9009a29baefd4"},
    {url = "https://files.pythonhosted.org/packages/89/26/0bfd7b756b34c68f8fd158b7bc762b6b1705fc1b3cebf4cdbb53fd9ea75b/PyYAML-6.0-cp36-cp36m-win_amd64.whl", hash = "sha256:07751360502caac1c067a8132d150cf3d61339af5691fe9e87803040dbc5db57"},
    {url = "https://files.pythonhosted.org/packages/91/49/d46d7b15cddfa98533e89f3832f391aedf7e31f37b4d4df3a7a7855a7073/PyYAML-6.0-cp310-cp310-macosx_11_0_arm64.whl", hash = "sha256:9df7ed3b3d2e0ecfe09e14741b857df43adb5a3ddadc919a2d94fbdf78fea53c"},
    {url = "https://files.pythonhosted.org/packages/9d/f6/7e91fbb58c9ee528759aea5892e062cccb426720c5830ddcce92eba00ff1/PyYAML-6.0-cp37-cp37m-macosx_10_9_x86_64.whl", hash = "sha256:819b3830a1543db06c4d4b865e70ded25be52a2e0631ccd2f6a47a2822f2fd7c"},
    {url = "https://files.pythonhosted.org/packages/a4/ba/e508fc780e3c94c12753a54fe8f74de535741a10d33b29a576a9bec03500/PyYAML-6.0-cp38-cp38-win32.whl", hash = "sha256:d4eccecf9adf6fbcc6861a38015c2a64f38b9d94838ac1810a9023a0609e1b78"},
    {url = "https://files.pythonhosted.org/packages/a4/e6/4d7a01bc0730c8f958a62d6a4c4f3df23b6139ad68c132b168970d84f192/PyYAML-6.0-cp37-cp37m-win32.whl", hash = "sha256:c5687b8d43cf58545ade1fe3e055f70eac7a5a1a0bf42824308d868289a95737"},
    {url = "https://files.pythonhosted.org/packages/a8/32/1bbe38477fb23f1d83041fefeabf93ef1cd6f0efcf44c221519507315d92/PyYAML-6.0-cp36-cp36m-manylinux_2_17_aarch64.manylinux2014_aarch64.whl", hash = "sha256:50602afada6d6cbfad699b0c7bb50d5ccffa7e46a3d738092afddc1f9758427f"},
    {url = "https://files.pythonhosted.org/packages/a8/5b/c4d674846ea4b07ee239fbf6010bcc427c4e4552ba5655b446e36b9a40a7/PyYAML-6.0-cp38-cp38-win_amd64.whl", hash = "sha256:1e4747bc279b4f613a09eb64bba2ba602d8a6664c6ce6396a4d0cd413a50ce07"},
    {url = "https://files.pythonhosted.org/packages/b3/85/79b9e5b4e8d3c0ac657f4e8617713cca8408f6cdc65d2ee6554217cedff1/PyYAML-6.0-cp36-cp36m-manylinux_2_5_x86_64.manylinux1_x86_64.manylinux_2_12_x86_64.manylinux2010_x86_64.whl", hash = "sha256:98c4d36e99714e55cfbaaee6dd5badbc9a1ec339ebfc3b1f52e293aee6bb71a4"},
    {url = "https://files.pythonhosted.org/packages/b7/09/2f6f4851bbca08642fef087bade095edc3c47f28d1e7bff6b20de5262a77/PyYAML-6.0-cp310-cp310-win_amd64.whl", hash = "sha256:daf496c58a8c52083df09b80c860005194014c3698698d1a57cbcfa182142a3a"},
    {url = "https://files.pythonhosted.org/packages/cb/5f/05dd91f5046e2256e35d885f3b8f0f280148568f08e1bf20421887523e9a/PyYAML-6.0-cp311-cp311-macosx_11_0_arm64.whl", hash = "sha256:81957921f441d50af23654aa6c5e5eaf9b06aba7f0a19c18a538dc7ef291c5a1"},
    {url = "https://files.pythonhosted.org/packages/d1/c0/4fe04181b0210ee2647cfbb89ecd10a36eef89f10d8aca6a192c201bbe58/PyYAML-6.0-cp37-cp37m-win_amd64.whl", hash = "sha256:d15a181d1ecd0d4270dc32edb46f7cb7733c7c508857278d3d378d14d606db2d"},
    {url = "https://files.pythonhosted.org/packages/d7/42/7ad4b6d67a16229496d4f6e74201bdbebcf4bc1e87d5a70c9297d4961bd2/PyYAML-6.0-cp38-cp38-manylinux_2_5_x86_64.manylinux1_x86_64.manylinux_2_12_x86_64.manylinux2010_x86_64.whl", hash = "sha256:277a0ef2981ca40581a47093e9e2d13b3f1fbbeffae064c1d21bfceba2030287"},
    {url = "https://files.pythonhosted.org/packages/db/4e/74bc723f2d22677387ab90cd9139e62874d14211be7172ed8c9f9a7c81a9/PyYAML-6.0-cp38-cp38-macosx_10_9_x86_64.whl", hash = "sha256:0b4624f379dab24d3725ffde76559cff63d9ec94e1736b556dacdfebe5ab6d4b"},
    {url = "https://files.pythonhosted.org/packages/df/75/ee0565bbf65133e5b6ffa154db43544af96ea4c42439e6b58c1e0eb44b4e/PyYAML-6.0-cp37-cp37m-manylinux_2_17_aarch64.manylinux2014_aarch64.whl", hash = "sha256:473f9edb243cb1935ab5a084eb238d842fb8f404ed2193a915d1784b5a6b5fc0"},
    {url = "https://files.pythonhosted.org/packages/eb/5f/6e6fe6904e1a9c67bc2ca5629a69e7a5a0b17f079da838bab98a1e548b25/PyYAML-6.0-cp37-cp37m-manylinux_2_5_x86_64.manylinux1_x86_64.manylinux_2_12_x86_64.manylinux2010_x86_64.whl", hash = "sha256:231710d57adfd809ef5d34183b8ed1eeae3f76459c18fb4a0b373ad56bedcdd9"},
    {url = "https://files.pythonhosted.org/packages/ef/ad/b443cce94539e57e1a745a845f95c100ad7b97593d7e104051e43f730ecd/PyYAML-6.0-cp310-cp310-manylinux_2_17_s390x.manylinux2014_s390x.whl", hash = "sha256:a80a78046a72361de73f8f395f1f1e49f956c6be882eed58505a15f3e430962b"},
    {url = "https://files.pythonhosted.org/packages/f5/6f/b8b4515346af7c33d3b07cd8ca8ea0700ca72e8d7a750b2b87ac0268ca4e/PyYAML-6.0-cp39-cp39-macosx_10_9_x86_64.whl", hash = "sha256:055d937d65826939cb044fc8c9b08889e8c743fdc6a32b33e2390f66013e449b"},
    {url = "https://files.pythonhosted.org/packages/f8/54/799b059314b13e1063473f76e908f44106014d18f54b16c83a16edccd5ec/PyYAML-6.0-cp311-cp311-macosx_10_9_x86_64.whl", hash = "sha256:d4b0ba9512519522b118090257be113b9468d804b19d63c71dbcf4a48fa32358"},
    {url = "https://files.pythonhosted.org/packages/fc/48/531ecd926fe0a374346dd811bf1eda59a95583595bb80eadad511f3269b8/PyYAML-6.0-cp311-cp311-win32.whl", hash = "sha256:bfaef573a63ba8923503d27530362590ff4f576c626d86a9fed95822a8255fd7"},
]
"requests 2.28.1" = [
    {url = "https://files.pythonhosted.org/packages/a5/61/a867851fd5ab77277495a8709ddda0861b28163c4613b011bc00228cc724/requests-2.28.1.tar.gz", hash = "sha256:7c5599b102feddaa661c826c56ab4fee28bfd17f5abca1ebbe3e7f19d7c97983"},
    {url = "https://files.pythonhosted.org/packages/ca/91/6d9b8ccacd0412c08820f72cebaa4f0c0441b5cda699c90f618b6f8a1b42/requests-2.28.1-py3-none-any.whl", hash = "sha256:8fefa2a1a1365bf5520aac41836fbee479da67864514bdb821f31ce07ce65349"},
]
"urllib3 1.26.12" = [
    {url = "https://files.pythonhosted.org/packages/6f/de/5be2e3eed8426f871b170663333a0f627fc2924cc386cd41be065e7ea870/urllib3-1.26.12-py2.py3-none-any.whl", hash = "sha256:b930dd878d5a8afb066a637fbb35144fe7901e3b209d1cd4f524bd0e9deee997"},
    {url = "https://files.pythonhosted.org/packages/b2/56/d87d6d3c4121c0bcec116919350ca05dc3afd2eeb7dc88d07e8083f8ea94/urllib3-1.26.12.tar.gz", hash = "sha256:3fa96cf423e6987997fc326ae8df396db2a8b7c667747d47ddd8ecba91f4a74e"},
]
